// !$*UTF8*$!
{
	archiveVersion = 1;
	classes = {
	};
	objectVersion = 46;
	objects = {

/* Begin PBXBuildFile section */
		9E203BD719806EFA00467113 /* Status.png in Resources */ = {isa = PBXBuildFile; fileRef = 9E203BD319806EFA00467113 /* Status.png */; };
		9E203BD819806EFA00467113 /* Status@2x.png in Resources */ = {isa = PBXBuildFile; fileRef = 9E203BD419806EFA00467113 /* Status@2x.png */; };
		9E203BD919806EFA00467113 /* StatusHighlighted.png in Resources */ = {isa = PBXBuildFile; fileRef = 9E203BD519806EFA00467113 /* StatusHighlighted.png */; };
		9E203BDA19806EFA00467113 /* StatusHighlighted@2x.png in Resources */ = {isa = PBXBuildFile; fileRef = 9E203BD619806EFA00467113 /* StatusHighlighted@2x.png */; };
		9E2095FB1981C58100BEE0FE /* ApplicationDelegate.m in Sources */ = {isa = PBXBuildFile; fileRef = 9E2095F61981C58100BEE0FE /* ApplicationDelegate.m */; };
		9E2095FC1981C58100BEE0FE /* MenubarController.m in Sources */ = {isa = PBXBuildFile; fileRef = 9E2095F81981C58100BEE0FE /* MenubarController.m */; };
		9E2095FD1981C58100BEE0FE /* PanelController.m in Sources */ = {isa = PBXBuildFile; fileRef = 9E2095FA1981C58100BEE0FE /* PanelController.m */; };
		9E2096041981C59600BEE0FE /* BackgroundView.m in Sources */ = {isa = PBXBuildFile; fileRef = 9E2095FF1981C59600BEE0FE /* BackgroundView.m */; };
		9E2096051981C59600BEE0FE /* Panel.m in Sources */ = {isa = PBXBuildFile; fileRef = 9E2096011981C59600BEE0FE /* Panel.m */; };
		9E2096061981C59600BEE0FE /* StatusItemView.m in Sources */ = {isa = PBXBuildFile; fileRef = 9E2096031981C59600BEE0FE /* StatusItemView.m */; };
		9E2096091981C5A700BEE0FE /* main.m in Sources */ = {isa = PBXBuildFile; fileRef = 9E2096081981C5A700BEE0FE /* main.m */; };
		9E20960B1981C5CD00BEE0FE /* Bowery-Info.plist in Resources */ = {isa = PBXBuildFile; fileRef = 9E20960A1981C5CD00BEE0FE /* Bowery-Info.plist */; };
		9E20960D1981C64400BEE0FE /* Panel.xib in Resources */ = {isa = PBXBuildFile; fileRef = 9E20960C1981C64400BEE0FE /* Panel.xib */; };
		9E2096101981C68900BEE0FE /* MainMenu.xib in Resources */ = {isa = PBXBuildFile; fileRef = 9E20960E1981C68900BEE0FE /* MainMenu.xib */; };
		9E2843DF1981CB9000F1A7F6 /* Bowery in Resources */ = {isa = PBXBuildFile; fileRef = 9E2843DE1981CB9000F1A7F6 /* Bowery */; };
		9E4BA1E2197F364D00F09C90 /* WebKit.framework in Frameworks */ = {isa = PBXBuildFile; fileRef = 9E4BA1E1197F364D00F09C90 /* WebKit.framework */; };
		9EAA117C1982B92C0064DFB6 /* Crashlytics.framework in Frameworks */ = {isa = PBXBuildFile; fileRef = 9EAA117A1982B92C0064DFB6 /* Crashlytics.framework */; };
		9EAA117D1982B92C0064DFB6 /* Sparkle.framework in Frameworks */ = {isa = PBXBuildFile; fileRef = 9EAA117B1982B92C0064DFB6 /* Sparkle.framework */; };
		9EAA117F1982B94E0064DFB6 /* Sparkle.framework in CopyFiles */ = {isa = PBXBuildFile; fileRef = 9EAA117B1982B92C0064DFB6 /* Sparkle.framework */; };
		9EE7C7D3198309B50001D8B6 /* icon_16x16.png in Resources */ = {isa = PBXBuildFile; fileRef = 9EE7C7C9198309B50001D8B6 /* icon_16x16.png */; };
		9EE7C7D4198309B50001D8B6 /* icon_16x16@2x.png in Resources */ = {isa = PBXBuildFile; fileRef = 9EE7C7CA198309B50001D8B6 /* icon_16x16@2x.png */; };
		9EE7C7D5198309B50001D8B6 /* icon_32x32.png in Resources */ = {isa = PBXBuildFile; fileRef = 9EE7C7CB198309B50001D8B6 /* icon_32x32.png */; };
		9EE7C7D6198309B50001D8B6 /* icon_32x32@2x.png in Resources */ = {isa = PBXBuildFile; fileRef = 9EE7C7CC198309B50001D8B6 /* icon_32x32@2x.png */; };
		9EE7C7D7198309B50001D8B6 /* icon_128x128.png in Resources */ = {isa = PBXBuildFile; fileRef = 9EE7C7CD198309B50001D8B6 /* icon_128x128.png */; };
		9EE7C7D8198309B50001D8B6 /* icon_128x128@2x.png in Resources */ = {isa = PBXBuildFile; fileRef = 9EE7C7CE198309B50001D8B6 /* icon_128x128@2x.png */; };
		9EE7C7D9198309B50001D8B6 /* icon_256x256.png in Resources */ = {isa = PBXBuildFile; fileRef = 9EE7C7CF198309B50001D8B6 /* icon_256x256.png */; };
		9EE7C7DA198309B50001D8B6 /* icon_256x256@2x.png in Resources */ = {isa = PBXBuildFile; fileRef = 9EE7C7D0198309B50001D8B6 /* icon_256x256@2x.png */; };
		9EE7C7DB198309B50001D8B6 /* icon_512x512.png in Resources */ = {isa = PBXBuildFile; fileRef = 9EE7C7D1198309B50001D8B6 /* icon_512x512.png */; };
		9EE7C7DC198309B50001D8B6 /* icon_512x512@2x.png in Resources */ = {isa = PBXBuildFile; fileRef = 9EE7C7D2198309B50001D8B6 /* icon_512x512@2x.png */; };
		9EE7C7DE198309BF0001D8B6 /* Images.xcassets in Resources */ = {isa = PBXBuildFile; fileRef = 9EE7C7DD198309BF0001D8B6 /* Images.xcassets */; };
		DD4F7C0913C30F9F00825C6E /* Cocoa.framework in Frameworks */ = {isa = PBXBuildFile; fileRef = DD4F7C0813C30F9F00825C6E /* Cocoa.framework */; };
/* End PBXBuildFile section */

/* Begin PBXCopyFilesBuildPhase section */
		9EAA117E1982B9410064DFB6 /* CopyFiles */ = {
			isa = PBXCopyFilesBuildPhase;
			buildActionMask = 2147483647;
			dstPath = "";
			dstSubfolderSpec = 10;
			files = (
				9EAA117F1982B94E0064DFB6 /* Sparkle.framework in CopyFiles */,
			);
			runOnlyForDeploymentPostprocessing = 0;
		};
/* End PBXCopyFilesBuildPhase section */

/* Begin PBXFileReference section */
		9E203BD319806EFA00467113 /* Status.png */ = {isa = PBXFileReference; lastKnownFileType = image.png; path = Status.png; sourceTree = "<group>"; };
		9E203BD419806EFA00467113 /* Status@2x.png */ = {isa = PBXFileReference; lastKnownFileType = image.png; path = "Status@2x.png"; sourceTree = "<group>"; };
		9E203BD519806EFA00467113 /* StatusHighlighted.png */ = {isa = PBXFileReference; lastKnownFileType = image.png; path = StatusHighlighted.png; sourceTree = "<group>"; };
		9E203BD619806EFA00467113 /* StatusHighlighted@2x.png */ = {isa = PBXFileReference; lastKnownFileType = image.png; path = "StatusHighlighted@2x.png"; sourceTree = "<group>"; };
		9E2095F51981C58100BEE0FE /* ApplicationDelegate.h */ = {isa = PBXFileReference; fileEncoding = 4; lastKnownFileType = sourcecode.c.h; name = ApplicationDelegate.h; path = Bowery/ApplicationDelegate.h; sourceTree = SOURCE_ROOT; };
		9E2095F61981C58100BEE0FE /* ApplicationDelegate.m */ = {isa = PBXFileReference; fileEncoding = 4; lastKnownFileType = sourcecode.c.objc; name = ApplicationDelegate.m; path = Bowery/ApplicationDelegate.m; sourceTree = SOURCE_ROOT; };
		9E2095F71981C58100BEE0FE /* MenubarController.h */ = {isa = PBXFileReference; fileEncoding = 4; lastKnownFileType = sourcecode.c.h; name = MenubarController.h; path = Bowery/MenubarController.h; sourceTree = SOURCE_ROOT; };
		9E2095F81981C58100BEE0FE /* MenubarController.m */ = {isa = PBXFileReference; fileEncoding = 4; lastKnownFileType = sourcecode.c.objc; name = MenubarController.m; path = Bowery/MenubarController.m; sourceTree = SOURCE_ROOT; };
		9E2095F91981C58100BEE0FE /* PanelController.h */ = {isa = PBXFileReference; fileEncoding = 4; lastKnownFileType = sourcecode.c.h; name = PanelController.h; path = Bowery/PanelController.h; sourceTree = SOURCE_ROOT; };
		9E2095FA1981C58100BEE0FE /* PanelController.m */ = {isa = PBXFileReference; fileEncoding = 4; lastKnownFileType = sourcecode.c.objc; name = PanelController.m; path = Bowery/PanelController.m; sourceTree = SOURCE_ROOT; };
		9E2095FE1981C59600BEE0FE /* BackgroundView.h */ = {isa = PBXFileReference; fileEncoding = 4; lastKnownFileType = sourcecode.c.h; name = BackgroundView.h; path = Bowery/BackgroundView.h; sourceTree = SOURCE_ROOT; };
		9E2095FF1981C59600BEE0FE /* BackgroundView.m */ = {isa = PBXFileReference; fileEncoding = 4; lastKnownFileType = sourcecode.c.objc; name = BackgroundView.m; path = Bowery/BackgroundView.m; sourceTree = SOURCE_ROOT; };
		9E2096001981C59600BEE0FE /* Panel.h */ = {isa = PBXFileReference; fileEncoding = 4; lastKnownFileType = sourcecode.c.h; name = Panel.h; path = Bowery/Panel.h; sourceTree = SOURCE_ROOT; };
		9E2096011981C59600BEE0FE /* Panel.m */ = {isa = PBXFileReference; fileEncoding = 4; lastKnownFileType = sourcecode.c.objc; name = Panel.m; path = Bowery/Panel.m; sourceTree = SOURCE_ROOT; };
		9E2096021981C59600BEE0FE /* StatusItemView.h */ = {isa = PBXFileReference; fileEncoding = 4; lastKnownFileType = sourcecode.c.h; name = StatusItemView.h; path = Bowery/StatusItemView.h; sourceTree = SOURCE_ROOT; };
		9E2096031981C59600BEE0FE /* StatusItemView.m */ = {isa = PBXFileReference; fileEncoding = 4; lastKnownFileType = sourcecode.c.objc; name = StatusItemView.m; path = Bowery/StatusItemView.m; sourceTree = SOURCE_ROOT; };
		9E2096071981C5A700BEE0FE /* Bowery-Prefix.pch */ = {isa = PBXFileReference; fileEncoding = 4; lastKnownFileType = sourcecode.c.h; name = "Bowery-Prefix.pch"; path = "Bowery/Bowery-Prefix.pch"; sourceTree = SOURCE_ROOT; };
		9E2096081981C5A700BEE0FE /* main.m */ = {isa = PBXFileReference; fileEncoding = 4; lastKnownFileType = sourcecode.c.objc; name = main.m; path = Bowery/main.m; sourceTree = SOURCE_ROOT; };
		9E20960A1981C5CD00BEE0FE /* Bowery-Info.plist */ = {isa = PBXFileReference; fileEncoding = 4; lastKnownFileType = text.plist.xml; name = "Bowery-Info.plist"; path = "Bowery/Bowery-Info.plist"; sourceTree = "<group>"; };
		9E20960C1981C64400BEE0FE /* Panel.xib */ = {isa = PBXFileReference; fileEncoding = 4; lastKnownFileType = file.xib; name = Panel.xib; path = Bowery/Panel.xib; sourceTree = "<group>"; };
		9E20960F1981C68900BEE0FE /* en */ = {isa = PBXFileReference; lastKnownFileType = file.xib; name = en; path = Bowery/en.lproj/MainMenu.xib; sourceTree = "<group>"; };
		9E2843DE1981CB9000F1A7F6 /* Bowery */ = {isa = PBXFileReference; lastKnownFileType = folder; name = Bowery; path = Bowery/Bowery; sourceTree = "<group>"; };
		9E4BA1E1197F364D00F09C90 /* WebKit.framework */ = {isa = PBXFileReference; lastKnownFileType = wrapper.framework; name = WebKit.framework; path = System/Library/Frameworks/WebKit.framework; sourceTree = SDKROOT; };
		9E662DC219804E9B00C89845 /* Bowery */ = {isa = PBXFileReference; lastKnownFileType = folder; path = Bowery; sourceTree = "<group>"; };
		9EAA117A1982B92C0064DFB6 /* Crashlytics.framework */ = {isa = PBXFileReference; lastKnownFileType = wrapper.framework; path = Crashlytics.framework; sourceTree = "<group>"; };
		9EAA117B1982B92C0064DFB6 /* Sparkle.framework */ = {isa = PBXFileReference; lastKnownFileType = wrapper.framework; path = Sparkle.framework; sourceTree = "<group>"; };
		9EE7C7C9198309B50001D8B6 /* icon_16x16.png */ = {isa = PBXFileReference; lastKnownFileType = image.png; path = icon_16x16.png; sourceTree = "<group>"; };
		9EE7C7CA198309B50001D8B6 /* icon_16x16@2x.png */ = {isa = PBXFileReference; lastKnownFileType = image.png; path = "icon_16x16@2x.png"; sourceTree = "<group>"; };
		9EE7C7CB198309B50001D8B6 /* icon_32x32.png */ = {isa = PBXFileReference; lastKnownFileType = image.png; path = icon_32x32.png; sourceTree = "<group>"; };
		9EE7C7CC198309B50001D8B6 /* icon_32x32@2x.png */ = {isa = PBXFileReference; lastKnownFileType = image.png; path = "icon_32x32@2x.png"; sourceTree = "<group>"; };
		9EE7C7CD198309B50001D8B6 /* icon_128x128.png */ = {isa = PBXFileReference; lastKnownFileType = image.png; path = icon_128x128.png; sourceTree = "<group>"; };
		9EE7C7CE198309B50001D8B6 /* icon_128x128@2x.png */ = {isa = PBXFileReference; lastKnownFileType = image.png; path = "icon_128x128@2x.png"; sourceTree = "<group>"; };
		9EE7C7CF198309B50001D8B6 /* icon_256x256.png */ = {isa = PBXFileReference; lastKnownFileType = image.png; path = icon_256x256.png; sourceTree = "<group>"; };
		9EE7C7D0198309B50001D8B6 /* icon_256x256@2x.png */ = {isa = PBXFileReference; lastKnownFileType = image.png; path = "icon_256x256@2x.png"; sourceTree = "<group>"; };
		9EE7C7D1198309B50001D8B6 /* icon_512x512.png */ = {isa = PBXFileReference; lastKnownFileType = image.png; path = icon_512x512.png; sourceTree = "<group>"; };
		9EE7C7D2198309B50001D8B6 /* icon_512x512@2x.png */ = {isa = PBXFileReference; lastKnownFileType = image.png; path = "icon_512x512@2x.png"; sourceTree = "<group>"; };
		9EE7C7DD198309BF0001D8B6 /* Images.xcassets */ = {isa = PBXFileReference; lastKnownFileType = folder.assetcatalog; name = Images.xcassets; path = Bowery/Images.xcassets; sourceTree = "<group>"; };
		DD4F7C0413C30F9F00825C6E /* Bowery.app */ = {isa = PBXFileReference; explicitFileType = wrapper.application; includeInIndex = 0; path = Bowery.app; sourceTree = BUILT_PRODUCTS_DIR; };
		DD4F7C0813C30F9F00825C6E /* Cocoa.framework */ = {isa = PBXFileReference; lastKnownFileType = wrapper.framework; name = Cocoa.framework; path = System/Library/Frameworks/Cocoa.framework; sourceTree = SDKROOT; };
		DD4F7C0B13C30F9F00825C6E /* AppKit.framework */ = {isa = PBXFileReference; lastKnownFileType = wrapper.framework; name = AppKit.framework; path = System/Library/Frameworks/AppKit.framework; sourceTree = SDKROOT; };
		DD4F7C0C13C30F9F00825C6E /* CoreData.framework */ = {isa = PBXFileReference; lastKnownFileType = wrapper.framework; name = CoreData.framework; path = System/Library/Frameworks/CoreData.framework; sourceTree = SDKROOT; };
		DD4F7C0D13C30F9F00825C6E /* Foundation.framework */ = {isa = PBXFileReference; lastKnownFileType = wrapper.framework; name = Foundation.framework; path = System/Library/Frameworks/Foundation.framework; sourceTree = SDKROOT; };
/* End PBXFileReference section */

/* Begin PBXFrameworksBuildPhase section */
		DD4F7C0113C30F9F00825C6E /* Frameworks */ = {
			isa = PBXFrameworksBuildPhase;
			buildActionMask = 2147483647;
			files = (
				9E4BA1E2197F364D00F09C90 /* WebKit.framework in Frameworks */,
				9EAA117C1982B92C0064DFB6 /* Crashlytics.framework in Frameworks */,
				DD4F7C0913C30F9F00825C6E /* Cocoa.framework in Frameworks */,
				9EAA117D1982B92C0064DFB6 /* Sparkle.framework in Frameworks */,
			);
			runOnlyForDeploymentPostprocessing = 0;
		};
/* End PBXFrameworksBuildPhase section */

/* Begin PBXGroup section */
		DD4F7BF913C30F9F00825C6E = {
			isa = PBXGroup;
			children = (
				9EE7C7DD198309BF0001D8B6 /* Images.xcassets */,
				9E2843DE1981CB9000F1A7F6 /* Bowery */,
				9E20960A1981C5CD00BEE0FE /* Bowery-Info.plist */,
				DD4F7C0E13C30F9F00825C6E /* Sources */,
				DD4F7C2813C3123E00825C6E /* User Interface */,
				DD4F7C0713C30F9F00825C6E /* Frameworks */,
				DD4F7C0513C30F9F00825C6E /* Products */,
			);
			sourceTree = "<group>";
		};
		DD4F7C0513C30F9F00825C6E /* Products */ = {
			isa = PBXGroup;
			children = (
				DD4F7C0413C30F9F00825C6E /* Bowery.app */,
			);
			name = Products;
			sourceTree = "<group>";
		};
		DD4F7C0713C30F9F00825C6E /* Frameworks */ = {
			isa = PBXGroup;
			children = (
				9EAA117A1982B92C0064DFB6 /* Crashlytics.framework */,
				9EAA117B1982B92C0064DFB6 /* Sparkle.framework */,
				9E4BA1E1197F364D00F09C90 /* WebKit.framework */,
				DD4F7C0B13C30F9F00825C6E /* AppKit.framework */,
				DD4F7C0C13C30F9F00825C6E /* CoreData.framework */,
				DD4F7C0D13C30F9F00825C6E /* Foundation.framework */,
				DD4F7C0813C30F9F00825C6E /* Cocoa.framework */,
			);
			name = Frameworks;
			sourceTree = "<group>";
		};
		DD4F7C0E13C30F9F00825C6E /* Sources */ = {
			isa = PBXGroup;
			children = (
				9E662DC219804E9B00C89845 /* Bowery */,
				DD4F7C2613C311DF00825C6E /* Controllers */,
				DD4F7C3913C317EC00825C6E /* Views */,
				DD4F7C0F13C30F9F00825C6E /* Supporting Files */,
			);
			name = Sources;
			path = Popup;
			sourceTree = "<group>";
		};
		DD4F7C0F13C30F9F00825C6E /* Supporting Files */ = {
			isa = PBXGroup;
			children = (
				9E2096071981C5A700BEE0FE /* Bowery-Prefix.pch */,
				9E2096081981C5A700BEE0FE /* main.m */,
			);
			name = "Supporting Files";
			sourceTree = "<group>";
		};
		DD4F7C2613C311DF00825C6E /* Controllers */ = {
			isa = PBXGroup;
			children = (
				9E2095F51981C58100BEE0FE /* ApplicationDelegate.h */,
				9E2095F61981C58100BEE0FE /* ApplicationDelegate.m */,
				9E2095F71981C58100BEE0FE /* MenubarController.h */,
				9E2095F81981C58100BEE0FE /* MenubarController.m */,
				9E2095F91981C58100BEE0FE /* PanelController.h */,
				9E2095FA1981C58100BEE0FE /* PanelController.m */,
			);
			name = Controllers;
			sourceTree = "<group>";
		};
		DD4F7C2813C3123E00825C6E /* User Interface */ = {
			isa = PBXGroup;
			children = (
				DD4F7C4813C322D800825C6E /* Graphics */,
				DD4F7C2913C3124300825C6E /* XIBs */,
			);
			name = "User Interface";
			sourceTree = "<group>";
		};
		DD4F7C2913C3124300825C6E /* XIBs */ = {
			isa = PBXGroup;
			children = (
				9E20960E1981C68900BEE0FE /* MainMenu.xib */,
				9E20960C1981C64400BEE0FE /* Panel.xib */,
			);
			name = XIBs;
			sourceTree = "<group>";
		};
		DD4F7C3913C317EC00825C6E /* Views */ = {
			isa = PBXGroup;
			children = (
				9E2095FE1981C59600BEE0FE /* BackgroundView.h */,
				9E2095FF1981C59600BEE0FE /* BackgroundView.m */,
				9E2096001981C59600BEE0FE /* Panel.h */,
				9E2096011981C59600BEE0FE /* Panel.m */,
				9E2096021981C59600BEE0FE /* StatusItemView.h */,
				9E2096031981C59600BEE0FE /* StatusItemView.m */,
			);
			name = Views;
			sourceTree = "<group>";
		};
		DD4F7C4813C322D800825C6E /* Graphics */ = {
			isa = PBXGroup;
			children = (
				9EE7C7C9198309B50001D8B6 /* icon_16x16.png */,
				9EE7C7CA198309B50001D8B6 /* icon_16x16@2x.png */,
				9EE7C7CB198309B50001D8B6 /* icon_32x32.png */,
				9EE7C7CC198309B50001D8B6 /* icon_32x32@2x.png */,
				9EE7C7CD198309B50001D8B6 /* icon_128x128.png */,
				9EE7C7CE198309B50001D8B6 /* icon_128x128@2x.png */,
				9EE7C7CF198309B50001D8B6 /* icon_256x256.png */,
				9EE7C7D0198309B50001D8B6 /* icon_256x256@2x.png */,
				9EE7C7D1198309B50001D8B6 /* icon_512x512.png */,
				9EE7C7D2198309B50001D8B6 /* icon_512x512@2x.png */,
				9E203BD319806EFA00467113 /* Status.png */,
				9E203BD419806EFA00467113 /* Status@2x.png */,
				9E203BD519806EFA00467113 /* StatusHighlighted.png */,
				9E203BD619806EFA00467113 /* StatusHighlighted@2x.png */,
			);
			name = Graphics;
			sourceTree = "<group>";
		};
/* End PBXGroup section */

/* Begin PBXNativeTarget section */
		DD4F7C0313C30F9F00825C6E /* Bowery */ = {
			isa = PBXNativeTarget;
			buildConfigurationList = DD4F7C2213C30F9F00825C6E /* Build configuration list for PBXNativeTarget "Bowery" */;
			buildPhases = (
				DD4F7C0013C30F9F00825C6E /* Sources */,
				DD4F7C0113C30F9F00825C6E /* Frameworks */,
				DD4F7C0213C30F9F00825C6E /* Resources */,
				9EAA117E1982B9410064DFB6 /* CopyFiles */,
			);
			buildRules = (
			);
			dependencies = (
			);
			name = Bowery;
			productName = Popup;
			productReference = DD4F7C0413C30F9F00825C6E /* Bowery.app */;
			productType = "com.apple.product-type.application";
		};
/* End PBXNativeTarget section */

/* Begin PBXProject section */
		DD4F7BFB13C30F9F00825C6E /* Project object */ = {
			isa = PBXProject;
			attributes = {
				LastUpgradeCheck = 0510;
				TargetAttributes = {
					DD4F7C0313C30F9F00825C6E = {
						DevelopmentTeam = B4B749T38A;
					};
				};
			};
			buildConfigurationList = DD4F7BFE13C30F9F00825C6E /* Build configuration list for PBXProject "Bowery" */;
			compatibilityVersion = "Xcode 3.2";
			developmentRegion = English;
			hasScannedForEncodings = 0;
			knownRegions = (
				en,
			);
			mainGroup = DD4F7BF913C30F9F00825C6E;
			productRefGroup = DD4F7C0513C30F9F00825C6E /* Products */;
			projectDirPath = "";
			projectRoot = "";
			targets = (
				DD4F7C0313C30F9F00825C6E /* Bowery */,
			);
		};
/* End PBXProject section */

/* Begin PBXResourcesBuildPhase section */
		DD4F7C0213C30F9F00825C6E /* Resources */ = {
			isa = PBXResourcesBuildPhase;
			buildActionMask = 2147483647;
			files = (
				9EE7C7D5198309B50001D8B6 /* icon_32x32.png in Resources */,
				9E2843DF1981CB9000F1A7F6 /* Bowery in Resources */,
				9E203BDA19806EFA00467113 /* StatusHighlighted@2x.png in Resources */,
				9E203BD819806EFA00467113 /* Status@2x.png in Resources */,
				9E203BD719806EFA00467113 /* Status.png in Resources */,
				9EE7C7D7198309B50001D8B6 /* icon_128x128.png in Resources */,
				9EE7C7D8198309B50001D8B6 /* icon_128x128@2x.png in Resources */,
				9EE7C7DB198309B50001D8B6 /* icon_512x512.png in Resources */,
				9EE7C7D4198309B50001D8B6 /* icon_16x16@2x.png in Resources */,
				9E20960D1981C64400BEE0FE /* Panel.xib in Resources */,
				9EE7C7D9198309B50001D8B6 /* icon_256x256.png in Resources */,
				9EE7C7DA198309B50001D8B6 /* icon_256x256@2x.png in Resources */,
				9EE7C7DC198309B50001D8B6 /* icon_512x512@2x.png in Resources */,
				9E20960B1981C5CD00BEE0FE /* Bowery-Info.plist in Resources */,
				9EE7C7D6198309B50001D8B6 /* icon_32x32@2x.png in Resources */,
				9EE7C7DE198309BF0001D8B6 /* Images.xcassets in Resources */,
				9EE7C7D3198309B50001D8B6 /* icon_16x16.png in Resources */,
				9E203BD919806EFA00467113 /* StatusHighlighted.png in Resources */,
				9E2096101981C68900BEE0FE /* MainMenu.xib in Resources */,
			);
			runOnlyForDeploymentPostprocessing = 0;
		};
/* End PBXResourcesBuildPhase section */

/* Begin PBXSourcesBuildPhase section */
		DD4F7C0013C30F9F00825C6E /* Sources */ = {
			isa = PBXSourcesBuildPhase;
			buildActionMask = 2147483647;
			files = (
				9E2096051981C59600BEE0FE /* Panel.m in Sources */,
				9E2096041981C59600BEE0FE /* BackgroundView.m in Sources */,
				9E2095FB1981C58100BEE0FE /* ApplicationDelegate.m in Sources */,
				9E2096061981C59600BEE0FE /* StatusItemView.m in Sources */,
				9E2095FD1981C58100BEE0FE /* PanelController.m in Sources */,
				9E2096091981C5A700BEE0FE /* main.m in Sources */,
				9E2095FC1981C58100BEE0FE /* MenubarController.m in Sources */,
			);
			runOnlyForDeploymentPostprocessing = 0;
		};
/* End PBXSourcesBuildPhase section */

/* Begin PBXVariantGroup section */
		9E20960E1981C68900BEE0FE /* MainMenu.xib */ = {
			isa = PBXVariantGroup;
			children = (
				9E20960F1981C68900BEE0FE /* en */,
			);
			name = MainMenu.xib;
			sourceTree = "<group>";
		};
/* End PBXVariantGroup section */

/* Begin XCBuildConfiguration section */
		DD4F7C2013C30F9F00825C6E /* Debug */ = {
			isa = XCBuildConfiguration;
			buildSettings = {
				ALWAYS_SEARCH_USER_PATHS = NO;
				CLANG_WARN_BOOL_CONVERSION = YES;
				CLANG_WARN_CONSTANT_CONVERSION = YES;
				CLANG_WARN_EMPTY_BODY = YES;
				CLANG_WARN_ENUM_CONVERSION = YES;
				CLANG_WARN_INT_CONVERSION = YES;
				CLANG_WARN__DUPLICATE_METHOD_MATCH = YES;
				COPY_PHASE_STRIP = NO;
				GCC_C_LANGUAGE_STANDARD = gnu99;
				GCC_DYNAMIC_NO_PIC = NO;
				GCC_ENABLE_OBJC_EXCEPTIONS = YES;
				GCC_OPTIMIZATION_LEVEL = 0;
				GCC_PREPROCESSOR_DEFINITIONS = (
					"DEBUG=1",
					"$(inherited)",
				);
				GCC_SYMBOLS_PRIVATE_EXTERN = NO;
				GCC_VERSION = com.apple.compilers.llvm.clang.1_0;
				GCC_WARN_64_TO_32_BIT_CONVERSION = YES;
				GCC_WARN_ABOUT_MISSING_PROTOTYPES = YES;
				GCC_WARN_ABOUT_RETURN_TYPE = YES;
				GCC_WARN_UNDECLARED_SELECTOR = YES;
				GCC_WARN_UNINITIALIZED_AUTOS = YES;
				GCC_WARN_UNUSED_FUNCTION = YES;
				GCC_WARN_UNUSED_VARIABLE = YES;
				MACOSX_DEPLOYMENT_TARGET = 10.7;
				ONLY_ACTIVE_ARCH = YES;
				SDKROOT = macosx;
			};
			name = Debug;
		};
		DD4F7C2113C30F9F00825C6E /* Release */ = {
			isa = XCBuildConfiguration;
			buildSettings = {
				ALWAYS_SEARCH_USER_PATHS = NO;
				CLANG_WARN_BOOL_CONVERSION = YES;
				CLANG_WARN_CONSTANT_CONVERSION = YES;
				CLANG_WARN_EMPTY_BODY = YES;
				CLANG_WARN_ENUM_CONVERSION = YES;
				CLANG_WARN_INT_CONVERSION = YES;
				CLANG_WARN__DUPLICATE_METHOD_MATCH = YES;
				COPY_PHASE_STRIP = YES;
				DEBUG_INFORMATION_FORMAT = "dwarf-with-dsym";
				GCC_C_LANGUAGE_STANDARD = gnu99;
				GCC_ENABLE_OBJC_EXCEPTIONS = YES;
				GCC_VERSION = com.apple.compilers.llvm.clang.1_0;
				GCC_WARN_64_TO_32_BIT_CONVERSION = YES;
				GCC_WARN_ABOUT_MISSING_PROTOTYPES = YES;
				GCC_WARN_ABOUT_RETURN_TYPE = YES;
				GCC_WARN_UNDECLARED_SELECTOR = YES;
				GCC_WARN_UNINITIALIZED_AUTOS = YES;
				GCC_WARN_UNUSED_FUNCTION = YES;
				GCC_WARN_UNUSED_VARIABLE = YES;
				MACOSX_DEPLOYMENT_TARGET = 10.7;
				SDKROOT = macosx;
			};
			name = Release;
		};
		DD4F7C2313C30F9F00825C6E /* Debug */ = {
			isa = XCBuildConfiguration;
			buildSettings = {
				ASSETCATALOG_COMPILER_APPICON_NAME = AppIcon;
				CLANG_ENABLE_OBJC_ARC = YES;
				CODE_SIGN_IDENTITY = "Mac Developer";
				"CODE_SIGN_IDENTITY[sdk=macosx*]" = "Mac Developer";
				COMBINE_HIDPI_IMAGES = YES;
				FRAMEWORK_SEARCH_PATHS = (
					"$(inherited)",
					"$(PROJECT_DIR)",
				);
				GCC_PRECOMPILE_PREFIX_HEADER = YES;
				GCC_PREFIX_HEADER = "Bowery/Bowery-Prefix.pch";
				INFOPLIST_FILE = "Bowery/Bowery-Info.plist";
				PRODUCT_NAME = Bowery;
				PROVISIONING_PROFILE = "";
				WRAPPER_EXTENSION = app;
			};
			name = Debug;
		};
		DD4F7C2413C30F9F00825C6E /* Release */ = {
			isa = XCBuildConfiguration;
			buildSettings = {
				ASSETCATALOG_COMPILER_APPICON_NAME = AppIcon;
				CLANG_ENABLE_OBJC_ARC = YES;
				CODE_SIGN_IDENTITY = "Mac Developer";
				"CODE_SIGN_IDENTITY[sdk=macosx*]" = "Mac Developer";
				COMBINE_HIDPI_IMAGES = YES;
				FRAMEWORK_SEARCH_PATHS = (
					"$(inherited)",
					"$(PROJECT_DIR)",
				);
				GCC_PRECOMPILE_PREFIX_HEADER = YES;
				GCC_PREFIX_HEADER = "Bowery/Bowery-Prefix.pch";
				INFOPLIST_FILE = "Bowery/Bowery-Info.plist";
				PRODUCT_NAME = Bowery;
				PROVISIONING_PROFILE = "";
				WRAPPER_EXTENSION = app;
			};
			name = Release;
		};
/* End XCBuildConfiguration section */

/* Begin XCConfigurationList section */
		DD4F7BFE13C30F9F00825C6E /* Build configuration list for PBXProject "Bowery" */ = {
			isa = XCConfigurationList;
			buildConfigurations = (
				DD4F7C2013C30F9F00825C6E /* Debug */,
				DD4F7C2113C30F9F00825C6E /* Release */,
			);
			defaultConfigurationIsVisible = 0;
			defaultConfigurationName = Release;
		};
		DD4F7C2213C30F9F00825C6E /* Build configuration list for PBXNativeTarget "Bowery" */ = {
			isa = XCConfigurationList;
			buildConfigurations = (
				DD4F7C2313C30F9F00825C6E /* Debug */,
				DD4F7C2413C30F9F00825C6E /* Release */,
			);
			defaultConfigurationIsVisible = 0;
			defaultConfigurationName = Release;
		};
/* End XCConfigurationList section */
	};
	rootObject = DD4F7BFB13C30F9F00825C6E /* Project object */;
}
